# Code generated by scarb DO NOT EDIT.
version = 1

[[package]]
name = "dojo"
version = "1.2.1"
source = "git+https://github.com/dojoengine/dojo?tag=v1.2.1#3d4b1a3e662f70679813f9fb65c0b5c7fa5d6f0a"
dependencies = [
 "dojo_plugin",
]

[[package]]
name = "dojo_cairo_test"
version = "1.0.12"
source = "git+https://github.com/dojoengine/dojo?tag=v1.2.1#3d4b1a3e662f70679813f9fb65c0b5c7fa5d6f0a"
dependencies = [
 "dojo",
]

[[package]]
name = "dojo_plugin"
version = "2.9.2"
source = "git+https://github.com/dojoengine/dojo?tag=v1.2.1#3d4b1a3e662f70679813f9fb65c0b5c7fa5d6f0a"

[[package]]
name = "p_war"
version = "0.3.54"
dependencies = [
 "dojo",
 "dojo_cairo_test",
 "pixelaw",
]

[[package]]
name = "pixelaw"
version = "0.6.15"
source = "git+https://github.com/pixelaw/core?tag=v0.6.15#f937d2bdb955497b9017c6f8241335b9ee0a4c56"
dependencies = [
 "dojo",
]
